
Microsoft Visual Studio Solution File, Format Version 9.00
# Visual C# Express 2005
Project("{FAE04EC0-301F-11D3-BF4B-00C04F79EFBC}") = "IRC-bot", "IRC-bot\IRC-bot.csproj", "{3354AC86-87A3-4E3F-A9DE-5FB3B700829B}"
EndProject
Project("{FAE04EC0-301F-11D3-BF4B-00C04F79EFBC}") = "Plugins", "Plugins\Plugins.csproj", "{E88F858D-8E0E-45F4-9FE6-4D2BE7DD52DF}"
EndProject
Global
	GlobalSection(SolutionConfigurationPlatforms) = preSolution
		Debug|Any CPU = Debug|Any CPU
		Release|Any CPU = Release|Any CPU
	EndGlobalSection
	GlobalSection(ProjectConfigurationPlatforms) = postSolution
		{3354AC86-87A3-4E3F-A9DE-5FB3B700829B}.Debug|Any CPU.ActiveCfg = Debug|Any CPU
		{3354AC86-87A3-4E3F-A9DE-5FB3B700829B}.Debug|Any CPU.Build.0 = Debug|Any CPU
		{3354AC86-87A3-4E3F-A9DE-5FB3B700829B}.Release|Any CPU.ActiveCfg = Release|Any CPU
		{3354AC86-87A3-4E3F-A9DE-5FB3B700829B}.Release|Any CPU.Build.0 = Release|Any CPU
		{E88F858D-8E0E-45F4-9FE6-4D2BE7DD52DF}.Debug|Any CPU.ActiveCfg = Debug|Any CPU
		{E88F858D-8E0E-45F4-9FE6-4D2BE7DD52DF}.Debug|Any CPU.Build.0 = Debug|Any CPU
		{E88F858D-8E0E-45F4-9FE6-4D2BE7DD52DF}.Release|Any CPU.ActiveCfg = Release|Any CPU
		{E88F858D-8E0E-45F4-9FE6-4D2BE7DD52DF}.Release|Any CPU.Build.0 = Release|Any CPU
	EndGlobalSection
	GlobalSection(SolutionProperties) = preSolution
		HideSolutionNode = FALSE
	EndGlobalSection
EndGlobal
